// !$*UTF8*$!
{
	archiveVersion = 1;
	classes = {
	};
	objectVersion = 46;
	objects = {

/* Begin PBXBuildFile section */
		5BF82CDD1EF3CC1D0061CE97 /* AppDelegate.swift in Sources */ = {isa = PBXBuildFile; fileRef = 5BF82CDC1EF3CC1D0061CE97 /* AppDelegate.swift */; };
		5BF82CDF1EF3CC1D0061CE97 /* ViewController.swift in Sources */ = {isa = PBXBuildFile; fileRef = 5BF82CDE1EF3CC1D0061CE97 /* ViewController.swift */; };
		5BF82CE21EF3CC1D0061CE97 /* Main.storyboard in Resources */ = {isa = PBXBuildFile; fileRef = 5BF82CE01EF3CC1D0061CE97 /* Main.storyboard */; };
		5BF82CE41EF3CC1D0061CE97 /* Assets.xcassets in Resources */ = {isa = PBXBuildFile; fileRef = 5BF82CE31EF3CC1D0061CE97 /* Assets.xcassets */; };
		5BF82CE71EF3CC1D0061CE97 /* LaunchScreen.storyboard in Resources */ = {isa = PBXBuildFile; fileRef = 5BF82CE51EF3CC1D0061CE97 /* LaunchScreen.storyboard */; };
		5BF82CF21EF3CC1D0061CE97 /* FlicksWeek1Tests.swift in Sources */ = {isa = PBXBuildFile; fileRef = 5BF82CF11EF3CC1D0061CE97 /* FlicksWeek1Tests.swift */; };
		5BF82CFD1EF3CC1D0061CE97 /* FlicksWeek1UITests.swift in Sources */ = {isa = PBXBuildFile; fileRef = 5BF82CFC1EF3CC1D0061CE97 /* FlicksWeek1UITests.swift */; };
/* End PBXBuildFile section */

/* Begin PBXContainerItemProxy section */
		5BF82CEE1EF3CC1D0061CE97 /* PBXContainerItemProxy */ = {
			isa = PBXContainerItemProxy;
			containerPortal = 5BF82CD11EF3CC1C0061CE97 /* Project object */;
			proxyType = 1;
			remoteGlobalIDString = 5BF82CD81EF3CC1D0061CE97;
			remoteInfo = FlicksWeek1;
		};
		5BF82CF91EF3CC1D0061CE97 /* PBXContainerItemProxy */ = {
			isa = PBXContainerItemProxy;
			containerPortal = 5BF82CD11EF3CC1C0061CE97 /* Project object */;
			proxyType = 1;
			remoteGlobalIDString = 5BF82CD81EF3CC1D0061CE97;
			remoteInfo = FlicksWeek1;
		};
/* End PBXContainerItemProxy section */

/* Begin PBXFileReference section */
		5BF82CD91EF3CC1D0061CE97 /* FlicksWeek1.app */ = {isa = PBXFileReference; explicitFileType = wrapper.application; includeInIndex = 0; path = FlicksWeek1.app; sourceTree = BUILT_PRODUCTS_DIR; };
		5BF82CDC1EF3CC1D0061CE97 /* AppDelegate.swift */ = {isa = PBXFileReference; lastKnownFileType = sourcecode.swift; path = AppDelegate.swift; sourceTree = "<group>"; };
		5BF82CDE1EF3CC1D0061CE97 /* ViewController.swift */ = {isa = PBXFileReference; lastKnownFileType = sourcecode.swift; path = ViewController.swift; sourceTree = "<group>"; };
		5BF82CE11EF3CC1D0061CE97 /* Base */ = {isa = PBXFileReference; lastKnownFileType = file.storyboard; name = Base; path = Base.lproj/Main.storyboard; sourceTree = "<group>"; };
		5BF82CE31EF3CC1D0061CE97 /* Assets.xcassets */ = {isa = PBXFileReference; lastKnownFileType = folder.assetcatalog; path = Assets.xcassets; sourceTree = "<group>"; };
		5BF82CE61EF3CC1D0061CE97 /* Base */ = {isa = PBXFileReference; lastKnownFileType = file.storyboard; name = Base; path = Base.lproj/LaunchScreen.storyboard; sourceTree = "<group>"; };
		5BF82CE81EF3CC1D0061CE97 /* Info.plist */ = {isa = PBXFileReference; lastKnownFileType = text.plist.xml; path = Info.plist; sourceTree = "<group>"; };
		5BF82CED1EF3CC1D0061CE97 /* FlicksWeek1Tests.xctest */ = {isa = PBXFileReference; explicitFileType = wrapper.cfbundle; includeInIndex = 0; path = FlicksWeek1Tests.xctest; sourceTree = BUILT_PRODUCTS_DIR; };
		5BF82CF11EF3CC1D0061CE97 /* FlicksWeek1Tests.swift */ = {isa = PBXFileReference; lastKnownFileType = sourcecode.swift; path = FlicksWeek1Tests.swift; sourceTree = "<group>"; };
		5BF82CF31EF3CC1D0061CE97 /* Info.plist */ = {isa = PBXFileReference; lastKnownFileType = text.plist.xml; path = Info.plist; sourceTree = "<group>"; };
		5BF82CF81EF3CC1D0061CE97 /* FlicksWeek1UITests.xctest */ = {isa = PBXFileReference; explicitFileType = wrapper.cfbundle; includeInIndex = 0; path = FlicksWeek1UITests.xctest; sourceTree = BUILT_PRODUCTS_DIR; };
		5BF82CFC1EF3CC1D0061CE97 /* FlicksWeek1UITests.swift */ = {isa = PBXFileReference; lastKnownFileType = sourcecode.swift; path = FlicksWeek1UITests.swift; sourceTree = "<group>"; };
		5BF82CFE1EF3CC1D0061CE97 /* Info.plist */ = {isa = PBXFileReference; lastKnownFileType = text.plist.xml; path = Info.plist; sourceTree = "<group>"; };
/* End PBXFileReference section */

/* Begin PBXFrameworksBuildPhase section */
		5BF82CD61EF3CC1D0061CE97 /* Frameworks */ = {
			isa = PBXFrameworksBuildPhase;
			buildActionMask = 2147483647;
			files = (
			);
			runOnlyForDeploymentPostprocessing = 0;
		};
		5BF82CEA1EF3CC1D0061CE97 /* Frameworks */ = {
			isa = PBXFrameworksBuildPhase;
			buildActionMask = 2147483647;
			files = (
			);
			runOnlyForDeploymentPostprocessing = 0;
		};
		5BF82CF51EF3CC1D0061CE97 /* Frameworks */ = {
			isa = PBXFrameworksBuildPhase;
			buildActionMask = 2147483647;
			files = (
			);
			runOnlyForDeploymentPostprocessing = 0;
		};
/* End PBXFrameworksBuildPhase section */

/* Begin PBXGroup section */
		5BF82CD01EF3CC1C0061CE97 = {
			isa = PBXGroup;
			children = (
				5BF82CDB1EF3CC1D0061CE97 /* FlicksWeek1 */,
				5BF82CF01EF3CC1D0061CE97 /* FlicksWeek1Tests */,
				5BF82CFB1EF3CC1D0061CE97 /* FlicksWeek1UITests */,
				5BF82CDA1EF3CC1D0061CE97 /* Products */,
			);
			sourceTree = "<group>";
		};
		5BF82CDA1EF3CC1D0061CE97 /* Products */ = {
			isa = PBXGroup;
			children = (
				5BF82CD91EF3CC1D0061CE97 /* FlicksWeek1.app */,
				5BF82CED1EF3CC1D0061CE97 /* FlicksWeek1Tests.xctest */,
				5BF82CF81EF3CC1D0061CE97 /* FlicksWeek1UITests.xctest */,
			);
			name = Products;
			sourceTree = "<group>";
		};
		5BF82CDB1EF3CC1D0061CE97 /* FlicksWeek1 */ = {
			isa = PBXGroup;
			children = (
				5BF82CDC1EF3CC1D0061CE97 /* AppDelegate.swift */,
				5BF82CDE1EF3CC1D0061CE97 /* ViewController.swift */,
				5BF82CE01EF3CC1D0061CE97 /* Main.storyboard */,
				5BF82CE31EF3CC1D0061CE97 /* Assets.xcassets */,
				5BF82CE51EF3CC1D0061CE97 /* LaunchScreen.storyboard */,
				5BF82CE81EF3CC1D0061CE97 /* Info.plist */,
			);
			path = FlicksWeek1;
			sourceTree = "<group>";
		};
		5BF82CF01EF3CC1D0061CE97 /* FlicksWeek1Tests */ = {
			isa = PBXGroup;
			children = (
				5BF82CF11EF3CC1D0061CE97 /* FlicksWeek1Tests.swift */,
				5BF82CF31EF3CC1D0061CE97 /* Info.plist */,
			);
			path = FlicksWeek1Tests;
			sourceTree = "<group>";
		};
		5BF82CFB1EF3CC1D0061CE97 /* FlicksWeek1UITests */ = {
			isa = PBXGroup;
			children = (
				5BF82CFC1EF3CC1D0061CE97 /* FlicksWeek1UITests.swift */,
				5BF82CFE1EF3CC1D0061CE97 /* Info.plist */,
			);
			path = FlicksWeek1UITests;
			sourceTree = "<group>";
		};
/* End PBXGroup section */

/* Begin PBXNativeTarget section */
		5BF82CD81EF3CC1D0061CE97 /* FlicksWeek1 */ = {
			isa = PBXNativeTarget;
			buildConfigurationList = 5BF82D011EF3CC1D0061CE97 /* Build configuration list for PBXNativeTarget "FlicksWeek1" */;
			buildPhases = (
				5BF82CD51EF3CC1D0061CE97 /* Sources */,
				5BF82CD61EF3CC1D0061CE97 /* Frameworks */,
				5BF82CD71EF3CC1D0061CE97 /* Resources */,
			);
			buildRules = (
			);
			dependencies = (
			);
			name = FlicksWeek1;
			productName = FlicksWeek1;
			productReference = 5BF82CD91EF3CC1D0061CE97 /* FlicksWeek1.app */;
			productType = "com.apple.product-type.application";
		};
		5BF82CEC1EF3CC1D0061CE97 /* FlicksWeek1Tests */ = {
			isa = PBXNativeTarget;
			buildConfigurationList = 5BF82D041EF3CC1D0061CE97 /* Build configuration list for PBXNativeTarget "FlicksWeek1Tests" */;
			buildPhases = (
				5BF82CE91EF3CC1D0061CE97 /* Sources */,
				5BF82CEA1EF3CC1D0061CE97 /* Frameworks */,
				5BF82CEB1EF3CC1D0061CE97 /* Resources */,
			);
			buildRules = (
			);
			dependencies = (
				5BF82CEF1EF3CC1D0061CE97 /* PBXTargetDependency */,
			);
			name = FlicksWeek1Tests;
			productName = FlicksWeek1Tests;
			productReference = 5BF82CED1EF3CC1D0061CE97 /* FlicksWeek1Tests.xctest */;
			productType = "com.apple.product-type.bundle.unit-test";
		};
		5BF82CF71EF3CC1D0061CE97 /* FlicksWeek1UITests */ = {
			isa = PBXNativeTarget;
			buildConfigurationList = 5BF82D071EF3CC1D0061CE97 /* Build configuration list for PBXNativeTarget "FlicksWeek1UITests" */;
			buildPhases = (
				5BF82CF41EF3CC1D0061CE97 /* Sources */,
				5BF82CF51EF3CC1D0061CE97 /* Frameworks */,
				5BF82CF61EF3CC1D0061CE97 /* Resources */,
			);
			buildRules = (
			);
			dependencies = (
				5BF82CFA1EF3CC1D0061CE97 /* PBXTargetDependency */,
			);
			name = FlicksWeek1UITests;
			productName = FlicksWeek1UITests;
			productReference = 5BF82CF81EF3CC1D0061CE97 /* FlicksWeek1UITests.xctest */;
			productType = "com.apple.product-type.bundle.ui-testing";
		};
/* End PBXNativeTarget section */

/* Begin PBXProject section */
		5BF82CD11EF3CC1C0061CE97 /* Project object */ = {
			isa = PBXProject;
			attributes = {
				LastSwiftUpdateCheck = 0830;
				LastUpgradeCheck = 0830;
				ORGANIZATIONNAME = "Truong Tran";
				TargetAttributes = {
					5BF82CD81EF3CC1D0061CE97 = {
						CreatedOnToolsVersion = 8.3.1;
						DevelopmentTeam = 6X9722GEAR;
						ProvisioningStyle = Automatic;
					};
					5BF82CEC1EF3CC1D0061CE97 = {
						CreatedOnToolsVersion = 8.3.1;
						DevelopmentTeam = 6X9722GEAR;
						ProvisioningStyle = Automatic;
						TestTargetID = 5BF82CD81EF3CC1D0061CE97;
					};
					5BF82CF71EF3CC1D0061CE97 = {
						CreatedOnToolsVersion = 8.3.1;
						DevelopmentTeam = 6X9722GEAR;
						ProvisioningStyle = Automatic;
						TestTargetID = 5BF82CD81EF3CC1D0061CE97;
					};
				};
			};
			buildConfigurationList = 5BF82CD41EF3CC1C0061CE97 /* Build configuration list for PBXProject "FlicksWeek1" */;
			compatibilityVersion = "Xcode 3.2";
			developmentRegion = English;
			hasScannedForEncodings = 0;
			knownRegions = (
				en,
				Base,
			);
			mainGroup = 5BF82CD01EF3CC1C0061CE97;
			productRefGroup = 5BF82CDA1EF3CC1D0061CE97 /* Products */;
			projectDirPath = "";
			projectRoot = "";
			targets = (
				5BF82CD81EF3CC1D0061CE97 /* FlicksWeek1 */,
				5BF82CEC1EF3CC1D0061CE97 /* FlicksWeek1Tests */,
				5BF82CF71EF3CC1D0061CE97 /* FlicksWeek1UITests */,
			);
		};
/* End PBXProject section */

/* Begin PBXResourcesBuildPhase section */
		5BF82CD71EF3CC1D0061CE97 /* Resources */ = {
			isa = PBXResourcesBuildPhase;
			buildActionMask = 2147483647;
			files = (
				5BF82CE71EF3CC1D0061CE97 /* LaunchScreen.storyboard in Resources */,
				5BF82CE41EF3CC1D0061CE97 /* Assets.xcassets in Resources */,
				5BF82CE21EF3CC1D0061CE97 /* Main.storyboard in Resources */,
			);
			runOnlyForDeploymentPostprocessing = 0;
		};
		5BF82CEB1EF3CC1D0061CE97 /* Resources */ = {
			isa = PBXResourcesBuildPhase;
			buildActionMask = 2147483647;
			files = (
			);
			runOnlyForDeploymentPostprocessing = 0;
		};
		5BF82CF61EF3CC1D0061CE97 /* Resources */ = {
			isa = PBXResourcesBuildPhase;
			buildActionMask = 2147483647;
			files = (
			);
			runOnlyForDeploymentPostprocessing = 0;
		};
/* End PBXResourcesBuildPhase section */

/* Begin PBXSourcesBuildPhase section */
		5BF82CD51EF3CC1D0061CE97 /* Sources */ = {
			isa = PBXSourcesBuildPhase;
			buildActionMask = 2147483647;
			files = (
				5BF82CDF1EF3CC1D0061CE97 /* ViewController.swift in Sources */,
				5BF82CDD1EF3CC1D0061CE97 /* AppDelegate.swift in Sources */,
			);
			runOnlyForDeploymentPostprocessing = 0;
		};
		5BF82CE91EF3CC1D0061CE97 /* Sources */ = {
			isa = PBXSourcesBuildPhase;
			buildActionMask = 2147483647;
			files = (
				5BF82CF21EF3CC1D0061CE97 /* FlicksWeek1Tests.swift in Sources */,
			);
			runOnlyForDeploymentPostprocessing = 0;
		};
		5BF82CF41EF3CC1D0061CE97 /* Sources */ = {
			isa = PBXSourcesBuildPhase;
			buildActionMask = 2147483647;
			files = (
				5BF82CFD1EF3CC1D0061CE97 /* FlicksWeek1UITests.swift in Sources */,
			);
			runOnlyForDeploymentPostprocessing = 0;
		};
/* End PBXSourcesBuildPhase section */

/* Begin PBXTargetDependency section */
		5BF82CEF1EF3CC1D0061CE97 /* PBXTargetDependency */ = {
			isa = PBXTargetDependency;
			target = 5BF82CD81EF3CC1D0061CE97 /* FlicksWeek1 */;
			targetProxy = 5BF82CEE1EF3CC1D0061CE97 /* PBXContainerItemProxy */;
		};
		5BF82CFA1EF3CC1D0061CE97 /* PBXTargetDependency */ = {
			isa = PBXTargetDependency;
			target = 5BF82CD81EF3CC1D0061CE97 /* FlicksWeek1 */;
			targetProxy = 5BF82CF91EF3CC1D0061CE97 /* PBXContainerItemProxy */;
		};
/* End PBXTargetDependency section */

/* Begin PBXVariantGroup section */
		5BF82CE01EF3CC1D0061CE97 /* Main.storyboard */ = {
			isa = PBXVariantGroup;
			children = (
				5BF82CE11EF3CC1D0061CE97 /* Base */,
			);
			name = Main.storyboard;
			sourceTree = "<group>";
		};
		5BF82CE51EF3CC1D0061CE97 /* LaunchScreen.storyboard */ = {
			isa = PBXVariantGroup;
			children = (
				5BF82CE61EF3CC1D0061CE97 /* Base */,
			);
			name = LaunchScreen.storyboard;
			sourceTree = "<group>";
		};
/* End PBXVariantGroup section */

/* Begin XCBuildConfiguration section */
		5BF82CFF1EF3CC1D0061CE97 /* Debug */ = {
			isa = XCBuildConfiguration;
			buildSettings = {
				ALWAYS_SEARCH_USER_PATHS = NO;
				CLANG_ANALYZER_NONNULL = YES;
				CLANG_ANALYZER_NUMBER_OBJECT_CONVERSION = YES_AGGRESSIVE;
				CLANG_CXX_LANGUAGE_STANDARD = "gnu++0x";
				CLANG_CXX_LIBRARY = "libc++";
				CLANG_ENABLE_MODULES = YES;
				CLANG_ENABLE_OBJC_ARC = YES;
				CLANG_WARN_BOOL_CONVERSION = YES;
				CLANG_WARN_CONSTANT_CONVERSION = YES;
				CLANG_WARN_DIRECT_OBJC_ISA_USAGE = YES_ERROR;
				CLANG_WARN_DOCUMENTATION_COMMENTS = YES;
				CLANG_WARN_EMPTY_BODY = YES;
				CLANG_WARN_ENUM_CONVERSION = YES;
				CLANG_WARN_INFINITE_RECURSION = YES;
				CLANG_WARN_INT_CONVERSION = YES;
				CLANG_WARN_OBJC_ROOT_CLASS = YES_ERROR;
				CLANG_WARN_SUSPICIOUS_MOVE = YES;
				CLANG_WARN_UNREACHABLE_CODE = YES;
				CLANG_WARN__DUPLICATE_METHOD_MATCH = YES;
				"CODE_SIGN_IDENTITY[sdk=iphoneos*]" = "iPhone Developer";
				COPY_PHASE_STRIP = NO;
				DEBUG_INFORMATION_FORMAT = dwarf;
				ENABLE_STRICT_OBJC_MSGSEND = YES;
				ENABLE_TESTABILITY = YES;
				GCC_C_LANGUAGE_STANDARD = gnu99;
				GCC_DYNAMIC_NO_PIC = NO;
				GCC_NO_COMMON_BLOCKS = YES;
				GCC_OPTIMIZATION_LEVEL = 0;
				GCC_PREPROCESSOR_DEFINITIONS = (
					"DEBUG=1",
					"$(inherited)",
				);
				GCC_WARN_64_TO_32_BIT_CONVERSION = YES;
				GCC_WARN_ABOUT_RETURN_TYPE = YES_ERROR;
				GCC_WARN_UNDECLARED_SELECTOR = YES;
				GCC_WARN_UNINITIALIZED_AUTOS = YES_AGGRESSIVE;
				GCC_WARN_UNUSED_FUNCTION = YES;
				GCC_WARN_UNUSED_VARIABLE = YES;
				IPHONEOS_DEPLOYMENT_TARGET = 10.3;
				MTL_ENABLE_DEBUG_INFO = YES;
				ONLY_ACTIVE_ARCH = YES;
				SDKROOT = iphoneos;
				SWIFT_ACTIVE_COMPILATION_CONDITIONS = DEBUG;
				SWIFT_OPTIMIZATION_LEVEL = "-Onone";
				TARGETED_DEVICE_FAMILY = "1,2";
			};
			name = Debug;
		};
		5BF82D001EF3CC1D0061CE97 /* Release */ = {
			isa = XCBuildConfiguration;
			buildSettings = {
				ALWAYS_SEARCH_USER_PATHS = NO;
				CLANG_ANALYZER_NONNULL = YES;
				CLANG_ANALYZER_NUMBER_OBJECT_CONVERSION = YES_AGGRESSIVE;
				CLANG_CXX_LANGUAGE_STANDARD = "gnu++0x";
				CLANG_CXX_LIBRARY = "libc++";
				CLANG_ENABLE_MODULES = YES;
				CLANG_ENABLE_OBJC_ARC = YES;
				CLANG_WARN_BOOL_CONVERSION = YES;
				CLANG_WARN_CONSTANT_CONVERSION = YES;
				CLANG_WARN_DIRECT_OBJC_ISA_USAGE = YES_ERROR;
				CLANG_WARN_DOCUMENTATION_COMMENTS = YES;
				CLANG_WARN_EMPTY_BODY = YES;
				CLANG_WARN_ENUM_CONVERSION = YES;
				CLANG_WARN_INFINITE_RECURSION = YES;
				CLANG_WARN_INT_CONVERSION = YES;
				CLANG_WARN_OBJC_ROOT_CLASS = YES_ERROR;
				CLANG_WARN_SUSPICIOUS_MOVE = YES;
				CLANG_WARN_UNREACHABLE_CODE = YES;
				CLANG_WARN__DUPLICATE_METHOD_MATCH = YES;
				"CODE_SIGN_IDENTITY[sdk=iphoneos*]" = "iPhone Developer";
				COPY_PHASE_STRIP = NO;
				DEBUG_INFORMATION_FORMAT = "dwarf-with-dsym";
				ENABLE_NS_ASSERTIONS = NO;
				ENABLE_STRICT_OBJC_MSGSEND = YES;
				GCC_C_LANGUAGE_STANDARD = gnu99;
				GCC_NO_COMMON_BLOCKS = YES;
				GCC_WARN_64_TO_32_BIT_CONVERSION = YES;
				GCC_WARN_ABOUT_RETURN_TYPE = YES_ERROR;
				GCC_WARN_UNDECLARED_SELECTOR = YES;
				GCC_WARN_UNINITIALIZED_AUTOS = YES_AGGRESSIVE;
				GCC_WARN_UNUSED_FUNCTION = YES;
				GCC_WARN_UNUSED_VARIABLE = YES;
				IPHONEOS_DEPLOYMENT_TARGET = 10.3;
				MTL_ENABLE_DEBUG_INFO = NO;
				SDKROOT = iphoneos;
				SWIFT_OPTIMIZATION_LEVEL = "-Owholemodule";
				TARGETED_DEVICE_FAMILY = "1,2";
				VALIDATE_PRODUCT = YES;
			};
			name = Release;
		};
		5BF82D021EF3CC1D0061CE97 /* Debug */ = {
			isa = XCBuildConfiguration;
			buildSettings = {
				ASSETCATALOG_COMPILER_APPICON_NAME = AppIcon;
				DEVELOPMENT_TEAM = 6X9722GEAR;
				INFOPLIST_FILE = FlicksWeek1/Info.plist;
				LD_RUNPATH_SEARCH_PATHS = "$(inherited) @executable_path/Frameworks";
				PRODUCT_BUNDLE_IDENTIFIER = com.giaitriviet.FlicksWeek1;
				PRODUCT_NAME = "$(TARGET_NAME)";
				SWIFT_VERSION = 3.0;
			};
			name = Debug;
		};
		5BF82D031EF3CC1D0061CE97 /* Release */ = {
			isa = XCBuildConfiguration;
			buildSettings = {
				ASSETCATALOG_COMPILER_APPICON_NAME = AppIcon;
				DEVELOPMENT_TEAM = 6X9722GEAR;
				INFOPLIST_FILE = FlicksWeek1/Info.plist;
				LD_RUNPATH_SEARCH_PATHS = "$(inherited) @executable_path/Frameworks";
				PRODUCT_BUNDLE_IDENTIFIER = com.giaitriviet.FlicksWeek1;
				PRODUCT_NAME = "$(TARGET_NAME)";
				SWIFT_VERSION = 3.0;
			};
			name = Release;
		};
		5BF82D051EF3CC1D0061CE97 /* Debug */ = {
			isa = XCBuildConfiguration;
			buildSettings = {
				ALWAYS_EMBED_SWIFT_STANDARD_LIBRARIES = YES;
				BUNDLE_LOADER = "$(TEST_HOST)";
				DEVELOPMENT_TEAM = 6X9722GEAR;
				INFOPLIST_FILE = FlicksWeek1Tests/Info.plist;
				LD_RUNPATH_SEARCH_PATHS = "$(inherited) @executable_path/Frameworks @loader_path/Frameworks";
				PRODUCT_BUNDLE_IDENTIFIER = com.giaitriviet.FlicksWeek1Tests;
				PRODUCT_NAME = "$(TARGET_NAME)";
				SWIFT_VERSION = 3.0;
				TEST_HOST = "$(BUILT_PRODUCTS_DIR)/FlicksWeek1.app/FlicksWeek1";
			};
			name = Debug;
		};
		5BF82D061EF3CC1D0061CE97 /* Release */ = {
			isa = XCBuildConfiguration;
			buildSettings = {
				ALWAYS_EMBED_SWIFT_STANDARD_LIBRARIES = YES;
				BUNDLE_LOADER = "$(TEST_HOST)";
				DEVELOPMENT_TEAM = 6X9722GEAR;
				INFOPLIST_FILE = FlicksWeek1Tests/Info.plist;
				LD_RUNPATH_SEARCH_PATHS = "$(inherited) @executable_path/Frameworks @loader_path/Frameworks";
				PRODUCT_BUNDLE_IDENTIFIER = com.giaitriviet.FlicksWeek1Tests;
				PRODUCT_NAME = "$(TARGET_NAME)";
				SWIFT_VERSION = 3.0;
				TEST_HOST = "$(BUILT_PRODUCTS_DIR)/FlicksWeek1.app/FlicksWeek1";
			};
			name = Release;
		};
		5BF82D081EF3CC1D0061CE97 /* Debug */ = {
			isa = XCBuildConfiguration;
			buildSettings = {
				ALWAYS_EMBED_SWIFT_STANDARD_LIBRARIES = YES;
				DEVELOPMENT_TEAM = 6X9722GEAR;
				INFOPLIST_FILE = FlicksWeek1UITests/Info.plist;
				LD_RUNPATH_SEARCH_PATHS = "$(inherited) @executable_path/Frameworks @loader_path/Frameworks";
				PRODUCT_BUNDLE_IDENTIFIER = com.giaitriviet.FlicksWeek1UITests;
				PRODUCT_NAME = "$(TARGET_NAME)";
				SWIFT_VERSION = 3.0;
				TEST_TARGET_NAME = FlicksWeek1;
			};
			name = Debug;
		};
		5BF82D091EF3CC1D0061CE97 /* Release */ = {
			isa = XCBuildConfiguration;
			buildSettings = {
				ALWAYS_EMBED_SWIFT_STANDARD_LIBRARIES = YES;
				DEVELOPMENT_TEAM = 6X9722GEAR;
				INFOPLIST_FILE = FlicksWeek1UITests/Info.plist;
				LD_RUNPATH_SEARCH_PATHS = "$(inherited) @executable_path/Frameworks @loader_path/Frameworks";
				PRODUCT_BUNDLE_IDENTIFIER = com.giaitriviet.FlicksWeek1UITests;
				PRODUCT_NAME = "$(TARGET_NAME)";
				SWIFT_VERSION = 3.0;
				TEST_TARGET_NAME = FlicksWeek1;
			};
			name = Release;
		};
/* End XCBuildConfiguration section */

/* Begin XCConfigurationList section */
		5BF82CD41EF3CC1C0061CE97 /* Build configuration list for PBXProject "FlicksWeek1" */ = {
			isa = XCConfigurationList;
			buildConfigurations = (
				5BF82CFF1EF3CC1D0061CE97 /* Debug */,
				5BF82D001EF3CC1D0061CE97 /* Release */,
			);
			defaultConfigurationIsVisible = 0;
			defaultConfigurationName = Release;
		};
		5BF82D011EF3CC1D0061CE97 /* Build configuration list for PBXNativeTarget "FlicksWeek1" */ = {
			isa = XCConfigurationList;
			buildConfigurations = (
				5BF82D021EF3CC1D0061CE97 /* Debug */,
				5BF82D031EF3CC1D0061CE97 /* Release */,
			);
			defaultConfigurationIsVisible = 0;
		};
		5BF82D041EF3CC1D0061CE97 /* Build configuration list for PBXNativeTarget "FlicksWeek1Tests" */ = {
			isa = XCConfigurationList;
			buildConfigurations = (
				5BF82D051EF3CC1D0061CE97 /* Debug */,
				5BF82D061EF3CC1D0061CE97 /* Release */,
			);
			defaultConfigurationIsVisible = 0;
		};
		5BF82D071EF3CC1D0061CE97 /* Build configuration list for PBXNativeTarget "FlicksWeek1UITests" */ = {
			isa = XCConfigurationList;
			buildConfigurations = (
				5BF82D081EF3CC1D0061CE97 /* Debug */,
				5BF82D091EF3CC1D0061CE97 /* Release */,
			);
			defaultConfigurationIsVisible = 0;
		};
/* End XCConfigurationList section */
	};
	rootObject = 5BF82CD11EF3CC1C0061CE97 /* Project object */;
}
